
Microsoft Visual Studio Solution File, Format Version 12.00
# Visual Studio 15
VisualStudioVersion = 15.0.28307.572
MinimumVisualStudioVersion = 10.0.40219.1
Project("{FAE04EC0-301F-11D3-BF4B-00C04F79EFBC}") = "jpegTCP", "jpegTCP\jpegTCP.csproj", "{8DB6A1A4-9BD6-4D00-B612-4FA7D110B914}"
EndProject
Global
	GlobalSection(SolutionConfigurationPlatforms) = preSolution
		Debug|Any CPU = Debug|Any CPU
		Release|Any CPU = Release|Any CPU
	EndGlobalSection
	GlobalSection(ProjectConfigurationPlatforms) = postSolution
		{8DB6A1A4-9BD6-4D00-B612-4FA7D110B914}.Debug|Any CPU.ActiveCfg = Debug|Any CPU
		{8DB6A1A4-9BD6-4D00-B612-4FA7D110B914}.Debug|Any CPU.Build.0 = Debug|Any CPU
		{8DB6A1A4-9BD6-4D00-B612-4FA7D110B914}.Release|Any CPU.ActiveCfg = Release|Any CPU
		{8DB6A1A4-9BD6-4D00-B612-4FA7D110B914}.Release|Any CPU.Build.0 = Release|Any CPU
	EndGlobalSection
	GlobalSection(SolutionProperties) = preSolution
		HideSolutionNode = FALSE
	EndGlobalSection
	GlobalSection(ExtensibilityGlobals) = postSolution
		SolutionGuid = {E79D3CF7-ED36-402E-A6E5-D5A20F8ACE2F}
	EndGlobalSection
EndGlobal
